
Microsoft Visual Studio Solution File, Format Version 12.00
# Visual Studio Version 16
VisualStudioVersion = 16.0.32901.82
MinimumVisualStudioVersion = 10.0.40219.1
Project("{FAE04EC0-301F-11D3-BF4B-00C04F79EFBC}") = "yol", "yol.csproj", "{EB0BADD1-B915-4451-8418-5465470EF965}"
EndProject
Global
	GlobalSection(SolutionConfigurationPlatforms) = preSolution
		Debug|Any CPU = Debug|Any CPU
		Release|Any CPU = Release|Any CPU
	EndGlobalSection
	GlobalSection(ProjectConfigurationPlatforms) = postSolution
		{EB0BADD1-B915-4451-8418-5465470EF965}.Debug|Any CPU.ActiveCfg = Debug|Any CPU
		{EB0BADD1-B915-4451-8418-5465470EF965}.Debug|Any CPU.Build.0 = Debug|Any CPU
		{EB0BADD1-B915-4451-8418-5465470EF965}.Release|Any CPU.ActiveCfg = Release|Any CPU
		{EB0BADD1-B915-4451-8418-5465470EF965}.Release|Any CPU.Build.0 = Release|Any CPU
	EndGlobalSection
	GlobalSection(SolutionProperties) = preSolution
		HideSolutionNode = FALSE
	EndGlobalSection
	GlobalSection(ExtensibilityGlobals) = postSolution
		SolutionGuid = {FBE371FF-9EB9-4419-8D8C-B76EB95F8B2E}
	EndGlobalSection
EndGlobal
